%{
  "bimap": {:hex, :bimap, "0.1.1", "f0406e59f65ba903af678383d2356d0a6e59fb794adc1a7dd32bd8fabe0f028f", [:mix], [], "hexpm"},
  "bunch": {:git, "https://github.com/membraneframework/bunch.git", "13fdefd0d8b4f8c4276ab013675ef445c06b5086", []},
  "bunch_native": {:hex, :bunch_native, "0.1.1", "9895b2cf5e5c6847af5de80c8d485ea9c69021a21e74c7237ab64e7a225c06c2", [:mix], [{:bundlex, "~> 0.1", [hex: :bundlex, repo: "hexpm", optional: false]}], "hexpm"},
  "bundlex": {:hex, :bundlex, "0.1.3", "f55cce979fe656e48ae7fc4d36a90c65fce907632d65b54828388735a71b840b", [:mix], [{:porcelain, "~> 2.0", [hex: :porcelain, repo: "hexpm", optional: false]}], "hexpm"},
  "connection": {:hex, :connection, "1.0.4", "a1cae72211f0eef17705aaededacac3eb30e6625b04a6117c1b2db6ace7d5976", [:mix], []},
  "earmark": {:hex, :earmark, "1.2.6", "b6da42b3831458d3ecc57314dff3051b080b9b2be88c2e5aa41cd642a5b044ed", [:mix], [], "hexpm"},
  "ex_doc": {:hex, :ex_doc, "0.19.1", "519bb9c19526ca51d326c060cb1778d4a9056b190086a8c6c115828eaccea6cf", [:mix], [{:earmark, "~> 1.1", [hex: :earmark, repo: "hexpm", optional: false]}, {:makeup_elixir, "~> 0.7", [hex: :makeup_elixir, repo: "hexpm", optional: false]}], "hexpm"},
  "makeup": {:hex, :makeup, "0.5.5", "9e08dfc45280c5684d771ad58159f718a7b5788596099bdfb0284597d368a882", [:mix], [{:nimble_parsec, "~> 0.4", [hex: :nimble_parsec, repo: "hexpm", optional: false]}], "hexpm"},
  "makeup_elixir": {:hex, :makeup_elixir, "0.10.0", "0f09c2ddf352887a956d84f8f7e702111122ca32fbbc84c2f0569b8b65cbf7fa", [:mix], [{:makeup, "~> 0.5.5", [hex: :makeup, repo: "hexpm", optional: false]}], "hexpm"},
  "membrane_caps_audio_raw": {:git, "https://github.com/membraneframework/membrane-caps-audio-raw.git", "14ad9ca2ff06a46c4738d135569f5beb3775efe5", []},
  "membrane_common_c": {:git, "https://github.com/membraneframework/membrane-common-c.git", "0e86e469474f8628f7c21132d561e14b3a16cfad", []},
  "membrane_core": {:git, "https://github.com/membraneframework/membrane-core.git", "6da99699d8b8de070ec92c3cded2e38cc24d90d3", []},
  "mockery": {:hex, :mockery, "2.3.0", "f1af3976916e7402427116f491e3038a251857de8f0836952c2fa24ad6de4317", [:mix], [], "hexpm"},
  "nimble_parsec": {:hex, :nimble_parsec, "0.4.0", "ee261bb53214943679422be70f1658fff573c5d0b0a1ecd0f18738944f818efe", [:mix], [], "hexpm"},
  "porcelain": {:hex, :porcelain, "2.0.3", "2d77b17d1f21fed875b8c5ecba72a01533db2013bd2e5e62c6d286c029150fdc", [:mix], [], "hexpm"},
  "qex": {:hex, :qex, "0.5.0", "5a3a9becf67d4006377c4c247ffdaaa8ae5b3634a0caadb788dc24d6125068f4", [:mix], [], "hexpm"},
  "shmex": {:git, "https://github.com/membraneframework/shmex.git", "379d4a91b4641922240d2ae1beb202f05671fc23", []},
  "unifex": {:git, "https://github.com/membraneframework/unifex.git", "c3a0b14cfc69942cc23034efc060db5214c26bf3", []},
}
